
Microsoft Visual Studio Solution File, Format Version 12.00
# Visual Studio Version 17
VisualStudioVersion = 17.0.31912.275
MinimumVisualStudioVersion = 10.0.40219.1
Project("{FAE04EC0-301F-11D3-BF4B-00C04F79EFBC}") = "Linq.Expression.Optimizer.CSharp", "src\Linq.Expression.Optimizer.CSharp.csproj", "{7D9EF5CF-328E-4F72-B871-E3C0F599DE25}"
EndProject
Project("{FAE04EC0-301F-11D3-BF4B-00C04F79EFBC}") = "Tests", "Tests\Tests.csproj", "{193DD2B2-6E85-4C09-A178-80759D2137F9}"
EndProject
Global
	GlobalSection(SolutionConfigurationPlatforms) = preSolution
		Debug|Any CPU = Debug|Any CPU
		Release|Any CPU = Release|Any CPU
	EndGlobalSection
	GlobalSection(ProjectConfigurationPlatforms) = postSolution
		{7D9EF5CF-328E-4F72-B871-E3C0F599DE25}.Debug|Any CPU.ActiveCfg = Debug|Any CPU
		{7D9EF5CF-328E-4F72-B871-E3C0F599DE25}.Debug|Any CPU.Build.0 = Debug|Any CPU
		{7D9EF5CF-328E-4F72-B871-E3C0F599DE25}.Release|Any CPU.ActiveCfg = Release|Any CPU
		{7D9EF5CF-328E-4F72-B871-E3C0F599DE25}.Release|Any CPU.Build.0 = Release|Any CPU
		{193DD2B2-6E85-4C09-A178-80759D2137F9}.Debug|Any CPU.ActiveCfg = Debug|Any CPU
		{193DD2B2-6E85-4C09-A178-80759D2137F9}.Debug|Any CPU.Build.0 = Debug|Any CPU
		{193DD2B2-6E85-4C09-A178-80759D2137F9}.Release|Any CPU.ActiveCfg = Release|Any CPU
		{193DD2B2-6E85-4C09-A178-80759D2137F9}.Release|Any CPU.Build.0 = Release|Any CPU
	EndGlobalSection
	GlobalSection(SolutionProperties) = preSolution
		HideSolutionNode = FALSE
	EndGlobalSection
	GlobalSection(ExtensibilityGlobals) = postSolution
		SolutionGuid = {7D05F151-9EBC-485E-A36A-9A2AC69C728D}
	EndGlobalSection
EndGlobal
